// !$*UTF8*$!
{
	archiveVersion = 1;
	classes = {
	};
	objectVersion = 50;
	objects = {

/* Begin PBXBuildFile section */
		5A9A5DB4216C9BB1009AC45A /* AppDelegate.m in Sources */ = {isa = PBXBuildFile; fileRef = 5A9A5DB3216C9BB1009AC45A /* AppDelegate.m */; };
		5A9A5DB7216C9BB1009AC45A /* ViewController.m in Sources */ = {isa = PBXBuildFile; fileRef = 5A9A5DB6216C9BB1009AC45A /* ViewController.m */; };
		5A9A5DBA216C9BB1009AC45A /* Main.storyboard in Resources */ = {isa = PBXBuildFile; fileRef = 5A9A5DB8216C9BB1009AC45A /* Main.storyboard */; };
		5A9A5DBC216C9BB5009AC45A /* Assets.xcassets in Resources */ = {isa = PBXBuildFile; fileRef = 5A9A5DBB216C9BB5009AC45A /* Assets.xcassets */; };
		5A9A5DBF216C9BB5009AC45A /* LaunchScreen.storyboard in Resources */ = {isa = PBXBuildFile; fileRef = 5A9A5DBD216C9BB5009AC45A /* LaunchScreen.storyboard */; };
		5A9A5DC2216C9BB5009AC45A /* main.m in Sources */ = {isa = PBXBuildFile; fileRef = 5A9A5DC1216C9BB5009AC45A /* main.m */; };
		5A9A5DCF216CABEE009AC45A /* ProductsColTableViewCell.m in Sources */ = {isa = PBXBuildFile; fileRef = 5A9A5DCE216CABEE009AC45A /* ProductsColTableViewCell.m */; };
		5A9A5DD3216CB6B8009AC45A /* ProductCollectionViewCell.m in Sources */ = {isa = PBXBuildFile; fileRef = 5A9A5DD2216CB6B8009AC45A /* ProductCollectionViewCell.m */; };
/* End PBXBuildFile section */

/* Begin PBXFileReference section */
		5A9A5DAF216C9BB1009AC45A /* TestAzimDemo.app */ = {isa = PBXFileReference; explicitFileType = wrapper.application; includeInIndex = 0; path = TestAzimDemo.app; sourceTree = BUILT_PRODUCTS_DIR; };
		5A9A5DB2216C9BB1009AC45A /* AppDelegate.h */ = {isa = PBXFileReference; lastKnownFileType = sourcecode.c.h; path = AppDelegate.h; sourceTree = "<group>"; };
		5A9A5DB3216C9BB1009AC45A /* AppDelegate.m */ = {isa = PBXFileReference; lastKnownFileType = sourcecode.c.objc; path = AppDelegate.m; sourceTree = "<group>"; };
		5A9A5DB5216C9BB1009AC45A /* ViewController.h */ = {isa = PBXFileReference; lastKnownFileType = sourcecode.c.h; path = ViewController.h; sourceTree = "<group>"; };
		5A9A5DB6216C9BB1009AC45A /* ViewController.m */ = {isa = PBXFileReference; lastKnownFileType = sourcecode.c.objc; path = ViewController.m; sourceTree = "<group>"; };
		5A9A5DB9216C9BB1009AC45A /* Base */ = {isa = PBXFileReference; lastKnownFileType = file.storyboard; name = Base; path = Base.lproj/Main.storyboard; sourceTree = "<group>"; };
		5A9A5DBB216C9BB5009AC45A /* Assets.xcassets */ = {isa = PBXFileReference; lastKnownFileType = folder.assetcatalog; path = Assets.xcassets; sourceTree = "<group>"; };
		5A9A5DBE216C9BB5009AC45A /* Base */ = {isa = PBXFileReference; lastKnownFileType = file.storyboard; name = Base; path = Base.lproj/LaunchScreen.storyboard; sourceTree = "<group>"; };
		5A9A5DC0216C9BB5009AC45A /* Info.plist */ = {isa = PBXFileReference; lastKnownFileType = text.plist.xml; path = Info.plist; sourceTree = "<group>"; };
		5A9A5DC1216C9BB5009AC45A /* main.m */ = {isa = PBXFileReference; lastKnownFileType = sourcecode.c.objc; path = main.m; sourceTree = "<group>"; };
		5A9A5DC8216CA0C0009AC45A /* Constant.h */ = {isa = PBXFileReference; lastKnownFileType = sourcecode.c.h; path = Constant.h; sourceTree = "<group>"; };
		5A9A5DC9216CA145009AC45A /* TestAzimDemo-Prefix.pch */ = {isa = PBXFileReference; lastKnownFileType = sourcecode.c.h; path = "TestAzimDemo-Prefix.pch"; sourceTree = "<group>"; };
		5A9A5DCD216CABEE009AC45A /* ProductsColTableViewCell.h */ = {isa = PBXFileReference; lastKnownFileType = sourcecode.c.h; path = ProductsColTableViewCell.h; sourceTree = "<group>"; };
		5A9A5DCE216CABEE009AC45A /* ProductsColTableViewCell.m */ = {isa = PBXFileReference; lastKnownFileType = sourcecode.c.objc; path = ProductsColTableViewCell.m; sourceTree = "<group>"; };
		5A9A5DD1216CB6B8009AC45A /* ProductCollectionViewCell.h */ = {isa = PBXFileReference; lastKnownFileType = sourcecode.c.h; path = ProductCollectionViewCell.h; sourceTree = "<group>"; };
		5A9A5DD2216CB6B8009AC45A /* ProductCollectionViewCell.m */ = {isa = PBXFileReference; lastKnownFileType = sourcecode.c.objc; path = ProductCollectionViewCell.m; sourceTree = "<group>"; };
/* End PBXFileReference section */

/* Begin PBXFrameworksBuildPhase section */
		5A9A5DAC216C9BB1009AC45A /* Frameworks */ = {
			isa = PBXFrameworksBuildPhase;
			buildActionMask = 2147483647;
			files = (
			);
			runOnlyForDeploymentPostprocessing = 0;
		};
/* End PBXFrameworksBuildPhase section */

/* Begin PBXGroup section */
		5A9A5DA6216C9BB1009AC45A = {
			isa = PBXGroup;
			children = (
				5A9A5DB1216C9BB1009AC45A /* TestAzimDemo */,
				5A9A5DB0216C9BB1009AC45A /* Products */,
			);
			sourceTree = "<group>";
		};
		5A9A5DB0216C9BB1009AC45A /* Products */ = {
			isa = PBXGroup;
			children = (
				5A9A5DAF216C9BB1009AC45A /* TestAzimDemo.app */,
			);
			name = Products;
			sourceTree = "<group>";
		};
		5A9A5DB1216C9BB1009AC45A /* TestAzimDemo */ = {
			isa = PBXGroup;
			children = (
				5A9A5DB2216C9BB1009AC45A /* AppDelegate.h */,
				5A9A5DB3216C9BB1009AC45A /* AppDelegate.m */,
				5A9A5DCB216CAB56009AC45A /* Model */,
				5A9A5DCC216CAB70009AC45A /* View */,
				5A9A5DCA216CAB48009AC45A /* Controller */,
				5A9A5DB5216C9BB1009AC45A /* ViewController.h */,
				5A9A5DB6216C9BB1009AC45A /* ViewController.m */,
				5A9A5DB8216C9BB1009AC45A /* Main.storyboard */,
				5A9A5DBB216C9BB5009AC45A /* Assets.xcassets */,
				5A9A5DBD216C9BB5009AC45A /* LaunchScreen.storyboard */,
				5A9A5DC0216C9BB5009AC45A /* Info.plist */,
				5A9A5DC1216C9BB5009AC45A /* main.m */,
				5A9A5DC8216CA0C0009AC45A /* Constant.h */,
				5A9A5DC9216CA145009AC45A /* TestAzimDemo-Prefix.pch */,
			);
			path = TestAzimDemo;
			sourceTree = "<group>";
		};
		5A9A5DCA216CAB48009AC45A /* Controller */ = {
			isa = PBXGroup;
			children = (
			);
			path = Controller;
			sourceTree = "<group>";
		};
		5A9A5DCB216CAB56009AC45A /* Model */ = {
			isa = PBXGroup;
			children = (
			);
			path = Model;
			sourceTree = "<group>";
		};
		5A9A5DCC216CAB70009AC45A /* View */ = {
			isa = PBXGroup;
			children = (
				5A9A5DD0216CAFD0009AC45A /* ProductsColTableViewCell */,
				5A9A5DD4216CB6BF009AC45A /* ProductCellectionViewCell */,
			);
			path = View;
			sourceTree = "<group>";
		};
		5A9A5DD0216CAFD0009AC45A /* ProductsColTableViewCell */ = {
			isa = PBXGroup;
			children = (
				5A9A5DCD216CABEE009AC45A /* ProductsColTableViewCell.h */,
				5A9A5DCE216CABEE009AC45A /* ProductsColTableViewCell.m */,
			);
			path = ProductsColTableViewCell;
			sourceTree = "<group>";
		};
		5A9A5DD4216CB6BF009AC45A /* ProductCellectionViewCell */ = {
			isa = PBXGroup;
			children = (
				5A9A5DD1216CB6B8009AC45A /* ProductCollectionViewCell.h */,
				5A9A5DD2216CB6B8009AC45A /* ProductCollectionViewCell.m */,
			);
			path = ProductCellectionViewCell;
			sourceTree = "<group>";
		};
/* End PBXGroup section */

/* Begin PBXNativeTarget section */
		5A9A5DAE216C9BB1009AC45A /* TestAzimDemo */ = {
			isa = PBXNativeTarget;
			buildConfigurationList = 5A9A5DC5216C9BB5009AC45A /* Build configuration list for PBXNativeTarget "TestAzimDemo" */;
			buildPhases = (
				5A9A5DAB216C9BB1009AC45A /* Sources */,
				5A9A5DAC216C9BB1009AC45A /* Frameworks */,
				5A9A5DAD216C9BB1009AC45A /* Resources */,
			);
			buildRules = (
			);
			dependencies = (
			);
			name = TestAzimDemo;
			productName = TestAzimDemo;
			productReference = 5A9A5DAF216C9BB1009AC45A /* TestAzimDemo.app */;
			productType = "com.apple.product-type.application";
		};
/* End PBXNativeTarget section */

/* Begin PBXProject section */
		5A9A5DA7216C9BB1009AC45A /* Project object */ = {
			isa = PBXProject;
			attributes = {
				LastUpgradeCheck = 0930;
				ORGANIZATIONNAME = Azim;
				TargetAttributes = {
					5A9A5DAE216C9BB1009AC45A = {
						CreatedOnToolsVersion = 9.3;
					};
				};
			};
			buildConfigurationList = 5A9A5DAA216C9BB1009AC45A /* Build configuration list for PBXProject "TestAzimDemo" */;
			compatibilityVersion = "Xcode 9.3";
			developmentRegion = en;
			hasScannedForEncodings = 0;
			knownRegions = (
				en,
				Base,
			);
			mainGroup = 5A9A5DA6216C9BB1009AC45A;
			productRefGroup = 5A9A5DB0216C9BB1009AC45A /* Products */;
			projectDirPath = "";
			projectRoot = "";
			targets = (
				5A9A5DAE216C9BB1009AC45A /* TestAzimDemo */,
			);
		};
/* End PBXProject section */

/* Begin PBXResourcesBuildPhase section */
		5A9A5DAD216C9BB1009AC45A /* Resources */ = {
			isa = PBXResourcesBuildPhase;
			buildActionMask = 2147483647;
			files = (
				5A9A5DBF216C9BB5009AC45A /* LaunchScreen.storyboard in Resources */,
				5A9A5DBC216C9BB5009AC45A /* Assets.xcassets in Resources */,
				5A9A5DBA216C9BB1009AC45A /* Main.storyboard in Resources */,
			);
			runOnlyForDeploymentPostprocessing = 0;
		};
/* End PBXResourcesBuildPhase section */

/* Begin PBXSourcesBuildPhase section */
		5A9A5DAB216C9BB1009AC45A /* Sources */ = {
			isa = PBXSourcesBuildPhase;
			buildActionMask = 2147483647;
			files = (
				5A9A5DB7216C9BB1009AC45A /* ViewController.m in Sources */,
				5A9A5DD3216CB6B8009AC45A /* ProductCollectionViewCell.m in Sources */,
				5A9A5DC2216C9BB5009AC45A /* main.m in Sources */,
				5A9A5DCF216CABEE009AC45A /* ProductsColTableViewCell.m in Sources */,
				5A9A5DB4216C9BB1009AC45A /* AppDelegate.m in Sources */,
			);
			runOnlyForDeploymentPostprocessing = 0;
		};
/* End PBXSourcesBuildPhase section */

/* Begin PBXVariantGroup section */
		5A9A5DB8216C9BB1009AC45A /* Main.storyboard */ = {
			isa = PBXVariantGroup;
			children = (
				5A9A5DB9216C9BB1009AC45A /* Base */,
			);
			name = Main.storyboard;
			sourceTree = "<group>";
		};
		5A9A5DBD216C9BB5009AC45A /* LaunchScreen.storyboard */ = {
			isa = PBXVariantGroup;
			children = (
				5A9A5DBE216C9BB5009AC45A /* Base */,
			);
			name = LaunchScreen.storyboard;
			sourceTree = "<group>";
		};
/* End PBXVariantGroup section */

/* Begin XCBuildConfiguration section */
		5A9A5DC3216C9BB5009AC45A /* Debug */ = {
			isa = XCBuildConfiguration;
			buildSettings = {
				ALWAYS_SEARCH_USER_PATHS = NO;
				CLANG_ANALYZER_NONNULL = YES;
				CLANG_ANALYZER_NUMBER_OBJECT_CONVERSION = YES_AGGRESSIVE;
				CLANG_CXX_LANGUAGE_STANDARD = "gnu++14";
				CLANG_CXX_LIBRARY = "libc++";
				CLANG_ENABLE_MODULES = YES;
				CLANG_ENABLE_OBJC_ARC = YES;
				CLANG_ENABLE_OBJC_WEAK = YES;
				CLANG_WARN_BLOCK_CAPTURE_AUTORELEASING = YES;
				CLANG_WARN_BOOL_CONVERSION = YES;
				CLANG_WARN_COMMA = YES;
				CLANG_WARN_CONSTANT_CONVERSION = YES;
				CLANG_WARN_DEPRECATED_OBJC_IMPLEMENTATIONS = YES;
				CLANG_WARN_DIRECT_OBJC_ISA_USAGE = YES_ERROR;
				CLANG_WARN_DOCUMENTATION_COMMENTS = YES;
				CLANG_WARN_EMPTY_BODY = YES;
				CLANG_WARN_ENUM_CONVERSION = YES;
				CLANG_WARN_INFINITE_RECURSION = YES;
				CLANG_WARN_INT_CONVERSION = YES;
				CLANG_WARN_NON_LITERAL_NULL_CONVERSION = YES;
				CLANG_WARN_OBJC_IMPLICIT_RETAIN_SELF = YES;
				CLANG_WARN_OBJC_LITERAL_CONVERSION = YES;
				CLANG_WARN_OBJC_ROOT_CLASS = YES_ERROR;
				CLANG_WARN_RANGE_LOOP_ANALYSIS = YES;
				CLANG_WARN_STRICT_PROTOTYPES = YES;
				CLANG_WARN_SUSPICIOUS_MOVE = YES;
				CLANG_WARN_UNGUARDED_AVAILABILITY = YES_AGGRESSIVE;
				CLANG_WARN_UNREACHABLE_CODE = YES;
				CLANG_WARN__DUPLICATE_METHOD_MATCH = YES;
				CODE_SIGN_IDENTITY = "iPhone Developer";
				COPY_PHASE_STRIP = NO;
				DEBUG_INFORMATION_FORMAT = dwarf;
				ENABLE_STRICT_OBJC_MSGSEND = YES;
				ENABLE_TESTABILITY = YES;
				GCC_C_LANGUAGE_STANDARD = gnu11;
				GCC_DYNAMIC_NO_PIC = NO;
				GCC_NO_COMMON_BLOCKS = YES;
				GCC_OPTIMIZATION_LEVEL = 0;
				GCC_PREPROCESSOR_DEFINITIONS = (
					"DEBUG=1",
					"$(inherited)",
				);
				GCC_WARN_64_TO_32_BIT_CONVERSION = YES;
				GCC_WARN_ABOUT_RETURN_TYPE = YES_ERROR;
				GCC_WARN_UNDECLARED_SELECTOR = YES;
				GCC_WARN_UNINITIALIZED_AUTOS = YES_AGGRESSIVE;
				GCC_WARN_UNUSED_FUNCTION = YES;
				GCC_WARN_UNUSED_VARIABLE = YES;
				IPHONEOS_DEPLOYMENT_TARGET = 11.3;
				MTL_ENABLE_DEBUG_INFO = YES;
				ONLY_ACTIVE_ARCH = YES;
				SDKROOT = iphoneos;
			};
			name = Debug;
		};
		5A9A5DC4216C9BB5009AC45A /* Release */ = {
			isa = XCBuildConfiguration;
			buildSettings = {
				ALWAYS_SEARCH_USER_PATHS = NO;
				CLANG_ANALYZER_NONNULL = YES;
				CLANG_ANALYZER_NUMBER_OBJECT_CONVERSION = YES_AGGRESSIVE;
				CLANG_CXX_LANGUAGE_STANDARD = "gnu++14";
				CLANG_CXX_LIBRARY = "libc++";
				CLANG_ENABLE_MODULES = YES;
				CLANG_ENABLE_OBJC_ARC = YES;
				CLANG_ENABLE_OBJC_WEAK = YES;
				CLANG_WARN_BLOCK_CAPTURE_AUTORELEASING = YES;
				CLANG_WARN_BOOL_CONVERSION = YES;
				CLANG_WARN_COMMA = YES;
				CLANG_WARN_CONSTANT_CONVERSION = YES;
				CLANG_WARN_DEPRECATED_OBJC_IMPLEMENTATIONS = YES;
				CLANG_WARN_DIRECT_OBJC_ISA_USAGE = YES_ERROR;
				CLANG_WARN_DOCUMENTATION_COMMENTS = YES;
				CLANG_WARN_EMPTY_BODY = YES;
				CLANG_WARN_ENUM_CONVERSION = YES;
				CLANG_WARN_INFINITE_RECURSION = YES;
				CLANG_WARN_INT_CONVERSION = YES;
				CLANG_WARN_NON_LITERAL_NULL_CONVERSION = YES;
				CLANG_WARN_OBJC_IMPLICIT_RETAIN_SELF = YES;
				CLANG_WARN_OBJC_LITERAL_CONVERSION = YES;
				CLANG_WARN_OBJC_ROOT_CLASS = YES_ERROR;
				CLANG_WARN_RANGE_LOOP_ANALYSIS = YES;
				CLANG_WARN_STRICT_PROTOTYPES = YES;
				CLANG_WARN_SUSPICIOUS_MOVE = YES;
				CLANG_WARN_UNGUARDED_AVAILABILITY = YES_AGGRESSIVE;
				CLANG_WARN_UNREACHABLE_CODE = YES;
				CLANG_WARN__DUPLICATE_METHOD_MATCH = YES;
				CODE_SIGN_IDENTITY = "iPhone Developer";
				COPY_PHASE_STRIP = NO;
				DEBUG_INFORMATION_FORMAT = "dwarf-with-dsym";
				ENABLE_NS_ASSERTIONS = NO;
				ENABLE_STRICT_OBJC_MSGSEND = YES;
				GCC_C_LANGUAGE_STANDARD = gnu11;
				GCC_NO_COMMON_BLOCKS = YES;
				GCC_WARN_64_TO_32_BIT_CONVERSION = YES;
				GCC_WARN_ABOUT_RETURN_TYPE = YES_ERROR;
				GCC_WARN_UNDECLARED_SELECTOR = YES;
				GCC_WARN_UNINITIALIZED_AUTOS = YES_AGGRESSIVE;
				GCC_WARN_UNUSED_FUNCTION = YES;
				GCC_WARN_UNUSED_VARIABLE = YES;
				IPHONEOS_DEPLOYMENT_TARGET = 11.3;
				MTL_ENABLE_DEBUG_INFO = NO;
				SDKROOT = iphoneos;
				VALIDATE_PRODUCT = YES;
			};
			name = Release;
		};
		5A9A5DC6216C9BB5009AC45A /* Debug */ = {
			isa = XCBuildConfiguration;
			buildSettings = {
				ASSETCATALOG_COMPILER_APPICON_NAME = AppIcon;
				CODE_SIGN_STYLE = Automatic;
				GCC_PRECOMPILE_PREFIX_HEADER = YES;
				GCC_PREFIX_HEADER = "TestAzimDemo/TestAzimDemo-Prefix.pch";
				INFOPLIST_FILE = TestAzimDemo/Info.plist;
				LD_RUNPATH_SEARCH_PATHS = (
					"$(inherited)",
					"@executable_path/Frameworks",
				);
				PRODUCT_BUNDLE_IDENTIFIER = com.azim.TestAzimDemo;
				PRODUCT_NAME = "$(TARGET_NAME)";
				TARGETED_DEVICE_FAMILY = "1,2";
			};
			name = Debug;
		};
		5A9A5DC7216C9BB5009AC45A /* Release */ = {
			isa = XCBuildConfiguration;
			buildSettings = {
				ASSETCATALOG_COMPILER_APPICON_NAME = AppIcon;
				CODE_SIGN_STYLE = Automatic;
				GCC_PRECOMPILE_PREFIX_HEADER = YES;
				GCC_PREFIX_HEADER = "TestAzimDemo/TestAzimDemo-Prefix.pch";
				INFOPLIST_FILE = TestAzimDemo/Info.plist;
				LD_RUNPATH_SEARCH_PATHS = (
					"$(inherited)",
					"@executable_path/Frameworks",
				);
				PRODUCT_BUNDLE_IDENTIFIER = com.azim.TestAzimDemo;
				PRODUCT_NAME = "$(TARGET_NAME)";
				TARGETED_DEVICE_FAMILY = "1,2";
			};
			name = Release;
		};
/* End XCBuildConfiguration section */

/* Begin XCConfigurationList section */
		5A9A5DAA216C9BB1009AC45A /* Build configuration list for PBXProject "TestAzimDemo" */ = {
			isa = XCConfigurationList;
			buildConfigurations = (
				5A9A5DC3216C9BB5009AC45A /* Debug */,
				5A9A5DC4216C9BB5009AC45A /* Release */,
			);
			defaultConfigurationIsVisible = 0;
			defaultConfigurationName = Release;
		};
		5A9A5DC5216C9BB5009AC45A /* Build configuration list for PBXNativeTarget "TestAzimDemo" */ = {
			isa = XCConfigurationList;
			buildConfigurations = (
				5A9A5DC6216C9BB5009AC45A /* Debug */,
				5A9A5DC7216C9BB5009AC45A /* Release */,
			);
			defaultConfigurationIsVisible = 0;
			defaultConfigurationName = Release;
		};
/* End XCConfigurationList section */
	};
	rootObject = 5A9A5DA7216C9BB1009AC45A /* Project object */;
}
